{
  "requires": true,
  "lockfileVersion": 1,
  "dependencies": {
    "gitbook-plugin-back-to-top-button": {
      "version": "0.1.4",
      "resolved": "https://registry.npmjs.org/gitbook-plugin-back-to-top-button/-/gitbook-plugin-back-to-top-button-0.1.4.tgz",
      "integrity": "sha1-5iGDOLDvGdWOb2YAmUNQt26ANd8="
    },
    "gitbook-plugin-chapter-fold": {
      "version": "0.0.4",
      "resolved": "https://registry.npmjs.org/gitbook-plugin-chapter-fold/-/gitbook-plugin-chapter-fold-0.0.4.tgz",
      "integrity": "sha1-3NWiH4C8vJjAiEGXdMOXrm1EY+8="
    },
    "gitbook-plugin-code": {
      "version": "0.1.0",
      "resolved": "https://registry.npmjs.org/gitbook-plugin-code/-/gitbook-plugin-code-0.1.0.tgz",
      "integrity": "sha1-gRqWALrvdViuGTzufVgQABZn6Xs="
    },
    "gitbook-plugin-expandable-chapters": {
      "version": "0.2.0",
      "resolved": "https://registry.npmjs.org/gitbook-plugin-expandable-chapters/-/gitbook-plugin-expandable-chapters-0.2.0.tgz",
      "integrity": "sha1-RdcIeuaQekH0gSjFT+ViJKnBraI="
    },
    "gitbook-plugin-pageview-count": {
      "version": "1.0.1",
      "resolved": "https://registry.npmjs.org/gitbook-plugin-pageview-count/-/gitbook-plugin-pageview-count-1.0.1.tgz",
      "integrity": "sha1-38W0u5KQ9QMAXyhVnQcRQl1vlME="
    },
    "gitbook-plugin-popup": {
      "version": "0.0.1",
      "resolved": "https://registry.npmjs.org/gitbook-plugin-popup/-/gitbook-plugin-popup-0.0.1.tgz",
      "integrity": "sha1-6iOOXiSMNc9Lc9KH3fVw8J3/Yzw="
    },
    "gitbook-plugin-search-pro": {
      "version": "2.0.2",
      "resolved": "https://registry.npmjs.org/gitbook-plugin-search-pro/-/gitbook-plugin-search-pro-2.0.2.tgz",
      "integrity": "sha1-fOduj2XCBESJucaSc2sj+B/mofI=",
      "requires": {
        "html-entities": "1.2.0"
      }
    },
    "gitbook-plugin-splitter": {
      "version": "0.0.8",
      "resolved": "https://registry.npmjs.org/gitbook-plugin-splitter/-/gitbook-plugin-splitter-0.0.8.tgz",
      "integrity": "sha1-8rBRMGD8kma0awQYLk7KHUtx+vw="
    },
    "gitbook-plugin-theme-bookstyle": {
      "version": "1.0.3",
      "resolved": "https://registry.npmjs.org/gitbook-plugin-theme-bookstyle/-/gitbook-plugin-theme-bookstyle-1.0.3.tgz",
      "integrity": "sha1-AEuBtzScsNWKjH9r+fnAPCEiW3o="
    },
    "gitbook-plugin-theme-fexa": {
      "version": "1.0.6",
      "resolved": "https://registry.npmjs.org/gitbook-plugin-theme-fexa/-/gitbook-plugin-theme-fexa-1.0.6.tgz",
      "integrity": "sha1-083SsmywRK5HZZeJFOuMPqynnuA="
    },
    "gitbook-plugin-theme-het-ycy": {
      "version": "1.0.5",
      "resolved": "https://registry.npmjs.org/gitbook-plugin-theme-het-ycy/-/gitbook-plugin-theme-het-ycy-1.0.5.tgz",
      "integrity": "sha1-A/ASBBj1UM108uMz4QA8MpUqZHs="
    },
    "gitbook-plugin-versions-select": {
      "version": "0.1.1",
      "resolved": "https://mirrors.tencent.com/npm/gitbook-plugin-versions-select/-/gitbook-plugin-versions-select-0.1.1.tgz",
      "integrity": "sha512-yo4yqgXnNwMuR8jwKdMrlnq2g6ma0FTHL5tGtrdGJEaDi893j6hQUxM3QncanZgoFX0H10vMrxGUPE4GvAsHiQ=="
    },
    "html-entities": {
      "version": "1.2.0",
      "resolved": "https://registry.npmjs.org/html-entities/-/html-entities-1.2.0.tgz",
      "integrity": "sha1-QZSMr4XOgv7Tbk5qDtNxpmZDeeI="
    }
  }
}
